
Microsoft Visual Studio Solution File, Format Version 12.00
# Visual Studio Version 17
VisualStudioVersion = 17.6.33723.286
MinimumVisualStudioVersion = 10.0.40219.1
Project("{9A19103F-16F7-4668-BE54-9A1E7A4F7556}") = "AdoNetDemo", "..\AdoNetDemo\AdoNetDemo\AdoNetDemo.csproj", "{E910CF67-AE61-4E66-BAC8-69737867180D}"
EndProject
Project("{9A19103F-16F7-4668-BE54-9A1E7A4F7556}") = "Attribute", "..\Attribute\Attribute\Attribute.csproj", "{14C7E532-D383-4AB0-BCB8-E077BA11C9E8}"
EndProject
Project("{9A19103F-16F7-4668-BE54-9A1E7A4F7556}") = "Classes(Sınıflar)", "..\Classes(Sınıflar)\Classes(Sınıflar)\Classes(Sınıflar).csproj", "{DFA1D020-2D07-4480-BFB9-262D9D06A143}"
EndProject
Project("{9A19103F-16F7-4668-BE54-9A1E7A4F7556}") = "Collections", "..\Collections\Collections\Collections.csproj", "{AF095271-1A6A-4C3E-B971-A8131361E02A}"
EndProject
Project("{9A19103F-16F7-4668-BE54-9A1E7A4F7556}") = "Constructors", "..\Constructors\Constructors\Constructors.csproj", "{FE2139C7-3321-44A8-B358-A67B7D26FA7A}"
EndProject
Project("{FAE04EC0-301F-11D3-BF4B-00C04F79EFBC}") = "DamaTahtası", "..\DamaTahtası\DamaTahtası\DamaTahtası.csproj", "{165427FD-8F9B-4FBF-9DF5-899D3D242366}"
EndProject
Project("{9A19103F-16F7-4668-BE54-9A1E7A4F7556}") = "Demo2", "..\Demo2\Demo2\Demo2.csproj", "{50FDE5AE-7126-40BF-A74F-F0E6E7ECAD5C}"
EndProject
Project("{9A19103F-16F7-4668-BE54-9A1E7A4F7556}") = "diziler", "..\diziler\diziler\diziler.csproj", "{E2F54A19-C56E-48C1-9930-AA22CBD9AD10}"
EndProject
Project("{9A19103F-16F7-4668-BE54-9A1E7A4F7556}") = "EntityFrameworkDemo", "..\EntityFrameworkDemo\EntityFrameworkDemo\EntityFrameworkDemo.csproj", "{52485A6D-6F5D-4EDE-AACF-BF2B1D53362E}"
EndProject
Project("{9A19103F-16F7-4668-BE54-9A1E7A4F7556}") = "Exceptions", "..\Exceptions\Exceptions\Exceptions.csproj", "{74F7DECC-095B-45C5-A840-7BC93FEF4E92}"
EndProject
Project("{9A19103F-16F7-4668-BE54-9A1E7A4F7556}") = "if-else", "..\if-else\if-else\if-else.csproj", "{32731981-B953-4869-97D8-B44EE86E2DC4}"
EndProject
Project("{9A19103F-16F7-4668-BE54-9A1E7A4F7556}") = "Inheritance", "..\Inheritance\Inheritance\Inheritance.csproj", "{E8AE9DD4-70B8-42D0-8737-5D3C17881A7C}"
EndProject
Project("{9A19103F-16F7-4668-BE54-9A1E7A4F7556}") = "Interfaces", "..\Interfaces\Interfaces\Interfaces.csproj", "{A8C5F26A-8E93-4E54-8CB7-B23559501920}"
EndProject
Project("{9A19103F-16F7-4668-BE54-9A1E7A4F7556}") = "Loops(Döngüler)", "..\Loops(Döngüler)\Loops(Döngüler)\Loops(Döngüler).csproj", "{54FC6D0F-4939-4F14-B5D5-99A3C77A8231}"
EndProject
Project("{9A19103F-16F7-4668-BE54-9A1E7A4F7556}") = "methods", "..\methods\methods\methods.csproj", "{739C0044-F93A-4BD6-9CBF-DAF7D3CCE705}"
EndProject
Project("{9A19103F-16F7-4668-BE54-9A1E7A4F7556}") = "Project1", "..\Project1\Project1\Project1.csproj", "{CCC5A1F9-0262-473B-AF9B-6BCEADE62F79}"
EndProject
Project("{9A19103F-16F7-4668-BE54-9A1E7A4F7556}") = "string", "..\string\string\string.csproj", "{D9ED1B51-72A6-47C5-BBFB-337E58BA2297}"
EndProject
Project("{9A19103F-16F7-4668-BE54-9A1E7A4F7556}") = "Virtual Methods", "..\Virtual Methods\Virtual Methods\Virtual Methods.csproj", "{D6D9944F-4B20-4828-86FE-F09BC1E47F37}"
EndProject
Global
	GlobalSection(SolutionConfigurationPlatforms) = preSolution
		Debug|Any CPU = Debug|Any CPU
		Release|Any CPU = Release|Any CPU
	EndGlobalSection
	GlobalSection(ProjectConfigurationPlatforms) = postSolution
		{E910CF67-AE61-4E66-BAC8-69737867180D}.Debug|Any CPU.ActiveCfg = Debug|Any CPU
		{E910CF67-AE61-4E66-BAC8-69737867180D}.Debug|Any CPU.Build.0 = Debug|Any CPU
		{E910CF67-AE61-4E66-BAC8-69737867180D}.Release|Any CPU.ActiveCfg = Release|Any CPU
		{E910CF67-AE61-4E66-BAC8-69737867180D}.Release|Any CPU.Build.0 = Release|Any CPU
		{14C7E532-D383-4AB0-BCB8-E077BA11C9E8}.Debug|Any CPU.ActiveCfg = Debug|Any CPU
		{14C7E532-D383-4AB0-BCB8-E077BA11C9E8}.Debug|Any CPU.Build.0 = Debug|Any CPU
		{14C7E532-D383-4AB0-BCB8-E077BA11C9E8}.Release|Any CPU.ActiveCfg = Release|Any CPU
		{14C7E532-D383-4AB0-BCB8-E077BA11C9E8}.Release|Any CPU.Build.0 = Release|Any CPU
		{DFA1D020-2D07-4480-BFB9-262D9D06A143}.Debug|Any CPU.ActiveCfg = Debug|Any CPU
		{DFA1D020-2D07-4480-BFB9-262D9D06A143}.Debug|Any CPU.Build.0 = Debug|Any CPU
		{DFA1D020-2D07-4480-BFB9-262D9D06A143}.Release|Any CPU.ActiveCfg = Release|Any CPU
		{DFA1D020-2D07-4480-BFB9-262D9D06A143}.Release|Any CPU.Build.0 = Release|Any CPU
		{AF095271-1A6A-4C3E-B971-A8131361E02A}.Debug|Any CPU.ActiveCfg = Debug|Any CPU
		{AF095271-1A6A-4C3E-B971-A8131361E02A}.Debug|Any CPU.Build.0 = Debug|Any CPU
		{AF095271-1A6A-4C3E-B971-A8131361E02A}.Release|Any CPU.ActiveCfg = Release|Any CPU
		{AF095271-1A6A-4C3E-B971-A8131361E02A}.Release|Any CPU.Build.0 = Release|Any CPU
		{FE2139C7-3321-44A8-B358-A67B7D26FA7A}.Debug|Any CPU.ActiveCfg = Debug|Any CPU
		{FE2139C7-3321-44A8-B358-A67B7D26FA7A}.Debug|Any CPU.Build.0 = Debug|Any CPU
		{FE2139C7-3321-44A8-B358-A67B7D26FA7A}.Release|Any CPU.ActiveCfg = Release|Any CPU
		{FE2139C7-3321-44A8-B358-A67B7D26FA7A}.Release|Any CPU.Build.0 = Release|Any CPU
		{165427FD-8F9B-4FBF-9DF5-899D3D242366}.Debug|Any CPU.ActiveCfg = Debug|Any CPU
		{165427FD-8F9B-4FBF-9DF5-899D3D242366}.Debug|Any CPU.Build.0 = Debug|Any CPU
		{165427FD-8F9B-4FBF-9DF5-899D3D242366}.Release|Any CPU.ActiveCfg = Release|Any CPU
		{165427FD-8F9B-4FBF-9DF5-899D3D242366}.Release|Any CPU.Build.0 = Release|Any CPU
		{50FDE5AE-7126-40BF-A74F-F0E6E7ECAD5C}.Debug|Any CPU.ActiveCfg = Debug|Any CPU
		{50FDE5AE-7126-40BF-A74F-F0E6E7ECAD5C}.Debug|Any CPU.Build.0 = Debug|Any CPU
		{50FDE5AE-7126-40BF-A74F-F0E6E7ECAD5C}.Release|Any CPU.ActiveCfg = Release|Any CPU
		{50FDE5AE-7126-40BF-A74F-F0E6E7ECAD5C}.Release|Any CPU.Build.0 = Release|Any CPU
		{E2F54A19-C56E-48C1-9930-AA22CBD9AD10}.Debug|Any CPU.ActiveCfg = Debug|Any CPU
		{E2F54A19-C56E-48C1-9930-AA22CBD9AD10}.Debug|Any CPU.Build.0 = Debug|Any CPU
		{E2F54A19-C56E-48C1-9930-AA22CBD9AD10}.Release|Any CPU.ActiveCfg = Release|Any CPU
		{E2F54A19-C56E-48C1-9930-AA22CBD9AD10}.Release|Any CPU.Build.0 = Release|Any CPU
		{52485A6D-6F5D-4EDE-AACF-BF2B1D53362E}.Debug|Any CPU.ActiveCfg = Debug|Any CPU
		{52485A6D-6F5D-4EDE-AACF-BF2B1D53362E}.Debug|Any CPU.Build.0 = Debug|Any CPU
		{52485A6D-6F5D-4EDE-AACF-BF2B1D53362E}.Release|Any CPU.ActiveCfg = Release|Any CPU
		{52485A6D-6F5D-4EDE-AACF-BF2B1D53362E}.Release|Any CPU.Build.0 = Release|Any CPU
		{74F7DECC-095B-45C5-A840-7BC93FEF4E92}.Debug|Any CPU.ActiveCfg = Debug|Any CPU
		{74F7DECC-095B-45C5-A840-7BC93FEF4E92}.Debug|Any CPU.Build.0 = Debug|Any CPU
		{74F7DECC-095B-45C5-A840-7BC93FEF4E92}.Release|Any CPU.ActiveCfg = Release|Any CPU
		{74F7DECC-095B-45C5-A840-7BC93FEF4E92}.Release|Any CPU.Build.0 = Release|Any CPU
		{32731981-B953-4869-97D8-B44EE86E2DC4}.Debug|Any CPU.ActiveCfg = Debug|Any CPU
		{32731981-B953-4869-97D8-B44EE86E2DC4}.Debug|Any CPU.Build.0 = Debug|Any CPU
		{32731981-B953-4869-97D8-B44EE86E2DC4}.Release|Any CPU.ActiveCfg = Release|Any CPU
		{32731981-B953-4869-97D8-B44EE86E2DC4}.Release|Any CPU.Build.0 = Release|Any CPU
		{E8AE9DD4-70B8-42D0-8737-5D3C17881A7C}.Debug|Any CPU.ActiveCfg = Debug|Any CPU
		{E8AE9DD4-70B8-42D0-8737-5D3C17881A7C}.Debug|Any CPU.Build.0 = Debug|Any CPU
		{E8AE9DD4-70B8-42D0-8737-5D3C17881A7C}.Release|Any CPU.ActiveCfg = Release|Any CPU
		{E8AE9DD4-70B8-42D0-8737-5D3C17881A7C}.Release|Any CPU.Build.0 = Release|Any CPU
		{A8C5F26A-8E93-4E54-8CB7-B23559501920}.Debug|Any CPU.ActiveCfg = Debug|Any CPU
		{A8C5F26A-8E93-4E54-8CB7-B23559501920}.Debug|Any CPU.Build.0 = Debug|Any CPU
		{A8C5F26A-8E93-4E54-8CB7-B23559501920}.Release|Any CPU.ActiveCfg = Release|Any CPU
		{A8C5F26A-8E93-4E54-8CB7-B23559501920}.Release|Any CPU.Build.0 = Release|Any CPU
		{54FC6D0F-4939-4F14-B5D5-99A3C77A8231}.Debug|Any CPU.ActiveCfg = Debug|Any CPU
		{54FC6D0F-4939-4F14-B5D5-99A3C77A8231}.Debug|Any CPU.Build.0 = Debug|Any CPU
		{54FC6D0F-4939-4F14-B5D5-99A3C77A8231}.Release|Any CPU.ActiveCfg = Release|Any CPU
		{54FC6D0F-4939-4F14-B5D5-99A3C77A8231}.Release|Any CPU.Build.0 = Release|Any CPU
		{739C0044-F93A-4BD6-9CBF-DAF7D3CCE705}.Debug|Any CPU.ActiveCfg = Debug|Any CPU
		{739C0044-F93A-4BD6-9CBF-DAF7D3CCE705}.Debug|Any CPU.Build.0 = Debug|Any CPU
		{739C0044-F93A-4BD6-9CBF-DAF7D3CCE705}.Release|Any CPU.ActiveCfg = Release|Any CPU
		{739C0044-F93A-4BD6-9CBF-DAF7D3CCE705}.Release|Any CPU.Build.0 = Release|Any CPU
		{CCC5A1F9-0262-473B-AF9B-6BCEADE62F79}.Debug|Any CPU.ActiveCfg = Debug|Any CPU
		{CCC5A1F9-0262-473B-AF9B-6BCEADE62F79}.Debug|Any CPU.Build.0 = Debug|Any CPU
		{CCC5A1F9-0262-473B-AF9B-6BCEADE62F79}.Release|Any CPU.ActiveCfg = Release|Any CPU
		{CCC5A1F9-0262-473B-AF9B-6BCEADE62F79}.Release|Any CPU.Build.0 = Release|Any CPU
		{D9ED1B51-72A6-47C5-BBFB-337E58BA2297}.Debug|Any CPU.ActiveCfg = Debug|Any CPU
		{D9ED1B51-72A6-47C5-BBFB-337E58BA2297}.Debug|Any CPU.Build.0 = Debug|Any CPU
		{D9ED1B51-72A6-47C5-BBFB-337E58BA2297}.Release|Any CPU.ActiveCfg = Release|Any CPU
		{D9ED1B51-72A6-47C5-BBFB-337E58BA2297}.Release|Any CPU.Build.0 = Release|Any CPU
		{D6D9944F-4B20-4828-86FE-F09BC1E47F37}.Debug|Any CPU.ActiveCfg = Debug|Any CPU
		{D6D9944F-4B20-4828-86FE-F09BC1E47F37}.Debug|Any CPU.Build.0 = Debug|Any CPU
		{D6D9944F-4B20-4828-86FE-F09BC1E47F37}.Release|Any CPU.ActiveCfg = Release|Any CPU
		{D6D9944F-4B20-4828-86FE-F09BC1E47F37}.Release|Any CPU.Build.0 = Release|Any CPU
	EndGlobalSection
	GlobalSection(SolutionProperties) = preSolution
		HideSolutionNode = FALSE
	EndGlobalSection
	GlobalSection(ExtensibilityGlobals) = postSolution
		SolutionGuid = {F5FA7D5F-41AE-4A2D-BA3D-0F4FD683C6DB}
	EndGlobalSection
EndGlobal
