
Microsoft Visual Studio Solution File, Format Version 12.00
# Visual Studio Version 17
VisualStudioVersion = 17.5.33502.453
MinimumVisualStudioVersion = 10.0.40219.1
Project("{FAE04EC0-301F-11D3-BF4B-00C04F79EFBC}") = "Constructors", "Constructors\Constructors.csproj", "{F819D3A9-A6CD-460E-9E69-BF31FF203ACA}"
EndProject
Global
	GlobalSection(SolutionConfigurationPlatforms) = preSolution
		Debug|Any CPU = Debug|Any CPU
		Release|Any CPU = Release|Any CPU
	EndGlobalSection
	GlobalSection(ProjectConfigurationPlatforms) = postSolution
		{F819D3A9-A6CD-460E-9E69-BF31FF203ACA}.Debug|Any CPU.ActiveCfg = Debug|Any CPU
		{F819D3A9-A6CD-460E-9E69-BF31FF203ACA}.Debug|Any CPU.Build.0 = Debug|Any CPU
		{F819D3A9-A6CD-460E-9E69-BF31FF203ACA}.Release|Any CPU.ActiveCfg = Release|Any CPU
		{F819D3A9-A6CD-460E-9E69-BF31FF203ACA}.Release|Any CPU.Build.0 = Release|Any CPU
	EndGlobalSection
	GlobalSection(SolutionProperties) = preSolution
		HideSolutionNode = FALSE
	EndGlobalSection
	GlobalSection(ExtensibilityGlobals) = postSolution
		SolutionGuid = {19FE421A-AF84-4673-906A-7A1707DFF7C0}
	EndGlobalSection
EndGlobal
