
Microsoft Visual Studio Solution File, Format Version 12.00
# Visual Studio Version 17
VisualStudioVersion = 17.5.33502.453
MinimumVisualStudioVersion = 10.0.40219.1
Project("{FAE04EC0-301F-11D3-BF4B-00C04F79EFBC}") = "diziler", "diziler\diziler.csproj", "{44C28CDB-D3A5-4E53-878F-B3B3AA0E50FF}"
EndProject
Global
	GlobalSection(SolutionConfigurationPlatforms) = preSolution
		Debug|Any CPU = Debug|Any CPU
		Release|Any CPU = Release|Any CPU
	EndGlobalSection
	GlobalSection(ProjectConfigurationPlatforms) = postSolution
		{44C28CDB-D3A5-4E53-878F-B3B3AA0E50FF}.Debug|Any CPU.ActiveCfg = Debug|Any CPU
		{44C28CDB-D3A5-4E53-878F-B3B3AA0E50FF}.Debug|Any CPU.Build.0 = Debug|Any CPU
		{44C28CDB-D3A5-4E53-878F-B3B3AA0E50FF}.Release|Any CPU.ActiveCfg = Release|Any CPU
		{44C28CDB-D3A5-4E53-878F-B3B3AA0E50FF}.Release|Any CPU.Build.0 = Release|Any CPU
	EndGlobalSection
	GlobalSection(SolutionProperties) = preSolution
		HideSolutionNode = FALSE
	EndGlobalSection
	GlobalSection(ExtensibilityGlobals) = postSolution
		SolutionGuid = {146C58EC-4026-4794-8676-6E9AA4721BBE}
	EndGlobalSection
EndGlobal
